
Microsoft Visual Studio Solution File, Format Version 12.00
# Visual Studio Version 17
VisualStudioVersion = 17.5.33530.505
MinimumVisualStudioVersion = 10.0.40219.1
Project("{FAE04EC0-301F-11D3-BF4B-00C04F79EFBC}") = "MAPFAnimator", "MAPFAnimator.csproj", "{C5165FEE-9B92-4C04-ADF4-B20FEAC72E56}"
EndProject
Global
	GlobalSection(SolutionConfigurationPlatforms) = preSolution
		Debug|Any CPU = Debug|Any CPU
		Release|Any CPU = Release|Any CPU
	EndGlobalSection
	GlobalSection(ProjectConfigurationPlatforms) = postSolution
		{C5165FEE-9B92-4C04-ADF4-B20FEAC72E56}.Debug|Any CPU.ActiveCfg = Debug|Any CPU
		{C5165FEE-9B92-4C04-ADF4-B20FEAC72E56}.Debug|Any CPU.Build.0 = Debug|Any CPU
		{C5165FEE-9B92-4C04-ADF4-B20FEAC72E56}.Release|Any CPU.ActiveCfg = Release|Any CPU
		{C5165FEE-9B92-4C04-ADF4-B20FEAC72E56}.Release|Any CPU.Build.0 = Release|Any CPU
	EndGlobalSection
	GlobalSection(SolutionProperties) = preSolution
		HideSolutionNode = FALSE
	EndGlobalSection
	GlobalSection(ExtensibilityGlobals) = postSolution
		SolutionGuid = {C9733F21-7C85-4C49-89C1-2A6604FF65FF}
	EndGlobalSection
EndGlobal
